PODS:
  - CryptoSwift (1.1.3)
  - PromiseKit (6.11.0):
    - PromiseKit/CorePromise (= 6.11.0)
    - PromiseKit/Foundation (= 6.11.0)
    - PromiseKit/UIKit (= 6.11.0)
  - PromiseKit/CorePromise (6.11.0)
  - PromiseKit/Foundation (6.11.0):
    - PromiseKit/CorePromise
  - PromiseKit/UIKit (6.11.0):
    - PromiseKit/CorePromise
  - Starscream (3.1.1)
  - SwiftProtobuf (1.5.0)
  - TrustWalletCore (0.12.25):
    - SwiftProtobuf (~> 1.5.0)
  - WalletConnect (0.1.0):
    - CryptoSwift (= 1.1.3)
    - PromiseKit (= 6.11.0)
    - Starscream (= 3.1.1)

DEPENDENCIES:
  - TrustWalletCore (= 0.12.25)
  - WalletConnect (from `../`)

SPEC REPOS:
  https://cdn.cocoapods.org/:
    - CryptoSwift
    - PromiseKit
    - Starscream
    - SwiftProtobuf
    - TrustWalletCore

EXTERNAL SOURCES:
  WalletConnect:
    :path: "../"

SPEC CHECKSUMS:
  CryptoSwift: 6b6e488df0598b3e9fa49254ed1a65e8c1b1e10b
  PromiseKit: e4863d06976e7dee5e41c04fc7371c16b3600292
  Starscream: 4bb2f9942274833f7b4d296a55504dcfc7edb7b0
  SwiftProtobuf: 241400280f912735c1e1b9fe675fdd2c6c4d42e2
  TrustWalletCore: c5e7f4c875b9e68203ee2b0312272dd7dd32ce98
  WalletConnect: a03f6814a45082ad26c8e69a48c44b7374a62ed6

PODFILE CHECKSUM: 9d0109278408e693a8c84ccc2890a16984f50769

COCOAPODS: 1.9.3
